
Microsoft Visual Studio Solution File, Format Version 12.00
# Visual Studio Version 16
VisualStudioVersion = 16.0.31205.134
MinimumVisualStudioVersion = 10.0.40219.1
Project("{FAE04EC0-301F-11D3-BF4B-00C04F79EFBC}") = "BusinessCard", "Zaliczenie\BusinessCard.csproj", "{2483867F-D4BB-4D61-A5C1-7293D70056A0}"
EndProject
Project("{FAE04EC0-301F-11D3-BF4B-00C04F79EFBC}") = "BusinessCard.Core", "Zaliczenie.Core\BusinessCard.Core.csproj", "{0E758777-6541-4886-90D3-C12CA896FFF0}"
EndProject
Global
	GlobalSection(SolutionConfigurationPlatforms) = preSolution
		Debug|Any CPU = Debug|Any CPU
		Release|Any CPU = Release|Any CPU
	EndGlobalSection
	GlobalSection(ProjectConfigurationPlatforms) = postSolution
		{2483867F-D4BB-4D61-A5C1-7293D70056A0}.Debug|Any CPU.ActiveCfg = Debug|Any CPU
		{2483867F-D4BB-4D61-A5C1-7293D70056A0}.Debug|Any CPU.Build.0 = Debug|Any CPU
		{2483867F-D4BB-4D61-A5C1-7293D70056A0}.Release|Any CPU.ActiveCfg = Release|Any CPU
		{2483867F-D4BB-4D61-A5C1-7293D70056A0}.Release|Any CPU.Build.0 = Release|Any CPU
		{0E758777-6541-4886-90D3-C12CA896FFF0}.Debug|Any CPU.ActiveCfg = Debug|Any CPU
		{0E758777-6541-4886-90D3-C12CA896FFF0}.Debug|Any CPU.Build.0 = Debug|Any CPU
		{0E758777-6541-4886-90D3-C12CA896FFF0}.Release|Any CPU.ActiveCfg = Release|Any CPU
		{0E758777-6541-4886-90D3-C12CA896FFF0}.Release|Any CPU.Build.0 = Release|Any CPU
	EndGlobalSection
	GlobalSection(SolutionProperties) = preSolution
		HideSolutionNode = FALSE
	EndGlobalSection
	GlobalSection(ExtensibilityGlobals) = postSolution
		SolutionGuid = {E89D06F8-963C-4190-9D0E-F9E49A318549}
	EndGlobalSection
EndGlobal
